
Microsoft Visual Studio Solution File, Format Version 12.00
# Visual Studio Version 17
VisualStudioVersion = 17.8.34525.116
MinimumVisualStudioVersion = 10.0.40219.1
Project("{9A19103F-16F7-4668-BE54-9A1E7A4F7556}") = "HRChatBot", "HRChatBot\HRChatBot.csproj", "{43884A12-4031-4E15-A3BD-3181E11371F1}"
EndProject
Global
	GlobalSection(SolutionConfigurationPlatforms) = preSolution
		Debug|Any CPU = Debug|Any CPU
		Release|Any CPU = Release|Any CPU
	EndGlobalSection
	GlobalSection(ProjectConfigurationPlatforms) = postSolution
		{43884A12-4031-4E15-A3BD-3181E11371F1}.Debug|Any CPU.ActiveCfg = Debug|Any CPU
		{43884A12-4031-4E15-A3BD-3181E11371F1}.Debug|Any CPU.Build.0 = Debug|Any CPU
		{43884A12-4031-4E15-A3BD-3181E11371F1}.Release|Any CPU.ActiveCfg = Release|Any CPU
		{43884A12-4031-4E15-A3BD-3181E11371F1}.Release|Any CPU.Build.0 = Release|Any CPU
	EndGlobalSection
	GlobalSection(SolutionProperties) = preSolution
		HideSolutionNode = FALSE
	EndGlobalSection
	GlobalSection(ExtensibilityGlobals) = postSolution
		SolutionGuid = {A542E392-FC0E-4356-889A-BB085C35B447}
	EndGlobalSection
EndGlobal
